
Microsoft Visual Studio Solution File, Format Version 12.00
# Visual Studio 15
Project("{FAE04EC0-301F-11D3-BF4B-00C04F79EFBC}") = "Assembly-CSharp", "Assembly-CSharp.csproj", "{B92918A8-0F61-A99E-85A2-780E06558C3B}"
EndProject
Project("{FAE04EC0-301F-11D3-BF4B-00C04F79EFBC}") = "Assembly-CSharp-firstpass", "Assembly-CSharp-firstpass.csproj", "{0AFF9974-5A7A-1232-5D59-CB98E29A927E}"
EndProject
Project("{FAE04EC0-301F-11D3-BF4B-00C04F79EFBC}") = "Assembly-CSharp-Editor", "Assembly-CSharp-Editor.csproj", "{061A4C9A-B65D-C889-3BB7-689F09399736}"
EndProject
Global
	GlobalSection(SolutionConfigurationPlatforms) = preSolution
		Debug|Any CPU = Debug|Any CPU
		Release|Any CPU = Release|Any CPU
	EndGlobalSection
	GlobalSection(ProjectConfigurationPlatforms) = postSolution
		{B92918A8-0F61-A99E-85A2-780E06558C3B}.Debug|Any CPU.ActiveCfg = Debug|Any CPU
		{B92918A8-0F61-A99E-85A2-780E06558C3B}.Debug|Any CPU.Build.0 = Debug|Any CPU
		{B92918A8-0F61-A99E-85A2-780E06558C3B}.Release|Any CPU.ActiveCfg = Release|Any CPU
		{B92918A8-0F61-A99E-85A2-780E06558C3B}.Release|Any CPU.Build.0 = Release|Any CPU
		{0AFF9974-5A7A-1232-5D59-CB98E29A927E}.Debug|Any CPU.ActiveCfg = Debug|Any CPU
		{0AFF9974-5A7A-1232-5D59-CB98E29A927E}.Debug|Any CPU.Build.0 = Debug|Any CPU
		{0AFF9974-5A7A-1232-5D59-CB98E29A927E}.Release|Any CPU.ActiveCfg = Release|Any CPU
		{0AFF9974-5A7A-1232-5D59-CB98E29A927E}.Release|Any CPU.Build.0 = Release|Any CPU
		{061A4C9A-B65D-C889-3BB7-689F09399736}.Debug|Any CPU.ActiveCfg = Debug|Any CPU
		{061A4C9A-B65D-C889-3BB7-689F09399736}.Debug|Any CPU.Build.0 = Debug|Any CPU
		{061A4C9A-B65D-C889-3BB7-689F09399736}.Release|Any CPU.ActiveCfg = Release|Any CPU
		{061A4C9A-B65D-C889-3BB7-689F09399736}.Release|Any CPU.Build.0 = Release|Any CPU
	EndGlobalSection
	GlobalSection(SolutionProperties) = preSolution
		HideSolutionNode = FALSE
	EndGlobalSection
EndGlobal
